{
  "name": "learn",
  "lockfileVersion": 3,
  "requires": true,
  "packages": {
    "": {
      "dependencies": {
        "ts-pattern": "^5.6.2",
        "typescript": "^5.8.2"
      }
    },
    "node_modules/ts-pattern": {
      "version": "5.6.2",
      "resolved": "https://registry.npmjs.org/ts-pattern/-/ts-pattern-5.6.2.tgz",
      "integrity": "sha512-d4IxJUXROL5NCa3amvMg6VQW2HVtZYmUTPfvVtO7zJWGYLJ+mry9v2OmYm+z67aniQoQ8/yFNadiEwtNS9qQiw==",
      "license": "MIT"
    },
    "node_modules/typescript": {
      "version": "5.8.2",
      "resolved": "https://registry.npmjs.org/typescript/-/typescript-5.8.2.tgz",
      "integrity": "sha512-aJn6wq13/afZp/jT9QZmwEjDqqvSGp1VT5GVg+f/t6/oVyrgXM6BY1h9BRh/O5p3PlUPAe+WuiEZOmb/49RqoQ==",
      "license": "Apache-2.0",
      "bin": {
        "tsc": "bin/tsc",
        "tsserver": "bin/tsserver"
      },
      "engines": {
        "node": ">=14.17"
      }
    }
  }
}
